
Microsoft Visual Studio Solution File, Format Version 12.00
# Visual Studio Version 17
VisualStudioVersion = 17.6.33829.357
MinimumVisualStudioVersion = 10.0.40219.1
Project("{FAE04EC0-301F-11D3-BF4B-00C04F79EFBC}") = "Project1", "Project1\Project1.csproj", "{C22839B4-9586-47C6-B13D-6C78E2F8EB95}"
EndProject
Global
	GlobalSection(SolutionConfigurationPlatforms) = preSolution
		Debug|Any CPU = Debug|Any CPU
		Release|Any CPU = Release|Any CPU
	EndGlobalSection
	GlobalSection(ProjectConfigurationPlatforms) = postSolution
		{C22839B4-9586-47C6-B13D-6C78E2F8EB95}.Debug|Any CPU.ActiveCfg = Debug|Any CPU
		{C22839B4-9586-47C6-B13D-6C78E2F8EB95}.Debug|Any CPU.Build.0 = Debug|Any CPU
		{C22839B4-9586-47C6-B13D-6C78E2F8EB95}.Release|Any CPU.ActiveCfg = Release|Any CPU
		{C22839B4-9586-47C6-B13D-6C78E2F8EB95}.Release|Any CPU.Build.0 = Release|Any CPU
	EndGlobalSection
	GlobalSection(SolutionProperties) = preSolution
		HideSolutionNode = FALSE
	EndGlobalSection
	GlobalSection(ExtensibilityGlobals) = postSolution
		SolutionGuid = {CBE6A361-F523-4027-8CCC-B9E1E94C84B0}
	EndGlobalSection
EndGlobal
